
Microsoft Visual Studio Solution File, Format Version 12.00
# Visual Studio Version 17
<<<<<<< HEAD
VisualStudioVersion = 17.13.35806.99 d17.13
=======
VisualStudioVersion = 17.13.35806.99
>>>>>>> 1dbc7d3a399676c348a739588e9450005ece9649
MinimumVisualStudioVersion = 10.0.40219.1
Project("{FAE04EC0-301F-11D3-BF4B-00C04F79EFBC}") = "AmbiClean", "AmbiClean\AmbiClean.csproj", "{69E8D1F6-8FB8-4CDF-AC99-6EF88EB6697A}"
EndProject
Global
	GlobalSection(SolutionConfigurationPlatforms) = preSolution
		Debug|Any CPU = Debug|Any CPU
		Release|Any CPU = Release|Any CPU
	EndGlobalSection
	GlobalSection(ProjectConfigurationPlatforms) = postSolution
		{69E8D1F6-8FB8-4CDF-AC99-6EF88EB6697A}.Debug|Any CPU.ActiveCfg = Debug|Any CPU
		{69E8D1F6-8FB8-4CDF-AC99-6EF88EB6697A}.Debug|Any CPU.Build.0 = Debug|Any CPU
		{69E8D1F6-8FB8-4CDF-AC99-6EF88EB6697A}.Release|Any CPU.ActiveCfg = Release|Any CPU
		{69E8D1F6-8FB8-4CDF-AC99-6EF88EB6697A}.Release|Any CPU.Build.0 = Release|Any CPU
	EndGlobalSection
	GlobalSection(SolutionProperties) = preSolution
		HideSolutionNode = FALSE
	EndGlobalSection
	GlobalSection(ExtensibilityGlobals) = postSolution
		SolutionGuid = {AC6BFA18-914B-4F1E-8AE7-3BB849C9F7FC}
	EndGlobalSection
EndGlobal
